{
  "lockfileVersion": 1,
  "dependencies": {
    "angular": {
      "version": "1.6.5",
      "resolved": "https://registry.npmjs.org/angular/-/angular-1.6.5.tgz",
      "integrity": "sha1-N/eI7r7Fzi4/oCsXu8sqIxV2oNY="
    },
    "angular-leaflet-directive": {
      "version": "0.10.0",
      "resolved": "https://registry.npmjs.org/angular-leaflet-directive/-/angular-leaflet-directive-0.10.0.tgz",
      "integrity": "sha1-7CBZ9MEBfVvnILqamh4FgB6gF6E=",
      "dependencies": {
        "leaflet": {
          "version": "0.7.7",
          "resolved": "https://registry.npmjs.org/leaflet/-/leaflet-0.7.7.tgz",
          "integrity": "sha1-HjUrpU5j0HZFH6NjyQCJDLLPde4="
        }
      }
    },
    "angular-simple-logger": {
      "version": "0.1.7",
      "resolved": "https://registry.npmjs.org/angular-simple-logger/-/angular-simple-logger-0.1.7.tgz",
      "integrity": "sha1-SuSOXqwJc/V3hFkY5W1JM89m8EE="
    },
    "debug": {
      "version": "2.6.8",
      "resolved": "https://registry.npmjs.org/debug/-/debug-2.6.8.tgz",
      "integrity": "sha1-5zFTHKLt4n0YgiJCfaF4IdaP9Pw="
    },
    "leaflet": {
      "version": "1.1.0",
      "resolved": "https://registry.npmjs.org/leaflet/-/leaflet-1.1.0.tgz",
      "integrity": "sha512-JK2bT5tZnLQlNuLa8pjOvUC/c/t4MfXBPZyrNK3C1BBxfX1rMHxFC2DvVCNd8esRjDtEddnwSTlv54sC5gvtMQ=="
    },
    "lodash": {
      "version": "4.17.4",
      "resolved": "https://registry.npmjs.org/lodash/-/lodash-4.17.4.tgz",
      "integrity": "sha1-eCA6TRwyiuHYbcpkYONptX9AVa4="
    },
    "ms": {
      "version": "2.0.0",
      "resolved": "https://registry.npmjs.org/ms/-/ms-2.0.0.tgz",
      "integrity": "sha1-VgiurfwAvmwpAd9fmGF4jeDVl8g="
    },
    "sax": {
      "version": "1.2.4",
      "resolved": "https://registry.npmjs.org/sax/-/sax-1.2.4.tgz",
      "integrity": "sha512-NqVDv9TpANUjFm0N8uM5GxL36UgKi9/atZw+x7YFnQ8ckwFGKrl4xX4yWtrey3UJm5nP1kUbnYgLopqWNSRhWw=="
    },
    "ui-leaflet": {
      "version": "1.0.3",
      "resolved": "https://registry.npmjs.org/ui-leaflet/-/ui-leaflet-1.0.3.tgz",
      "integrity": "sha1-vqQ8asDrjEaEg89yxc78NMejfPM=",
      "dependencies": {
        "leaflet": {
          "version": "0.7.7",
          "resolved": "https://registry.npmjs.org/leaflet/-/leaflet-0.7.7.tgz",
          "integrity": "sha1-HjUrpU5j0HZFH6NjyQCJDLLPde4="
        }
      }
    },
    "xml2js": {
      "version": "0.4.17",
      "resolved": "https://registry.npmjs.org/xml2js/-/xml2js-0.4.17.tgz",
      "integrity": "sha1-F76T6q4/O3eTWceVtBlwWogX6Gg="
    },
    "xmlbuilder": {
      "version": "4.2.1",
      "resolved": "https://registry.npmjs.org/xmlbuilder/-/xmlbuilder-4.2.1.tgz",
      "integrity": "sha1-qlijBBoGb5DqoWwvU4n/GfP0YaU="
    }
  }
}
